
Microsoft Visual Studio Solution File, Format Version 12.00
# Visual Studio Version 17
VisualStudioVersion = 17.14.36705.20
MinimumVisualStudioVersion = 10.0.40219.1
Project("{FAE04EC0-301F-11D3-BF4B-00C04F79EFBC}") = "EduMark", "EduMark\EduMark.csproj", "{BAB003B8-4C83-4D10-8D39-1F47E6FC6E70}"
EndProject
Global
	GlobalSection(SolutionConfigurationPlatforms) = preSolution
		Debug|Any CPU = Debug|Any CPU
		Release|Any CPU = Release|Any CPU
	EndGlobalSection
	GlobalSection(ProjectConfigurationPlatforms) = postSolution
		{BAB003B8-4C83-4D10-8D39-1F47E6FC6E70}.Debug|Any CPU.ActiveCfg = Debug|Any CPU
		{BAB003B8-4C83-4D10-8D39-1F47E6FC6E70}.Debug|Any CPU.Build.0 = Debug|Any CPU
		{BAB003B8-4C83-4D10-8D39-1F47E6FC6E70}.Debug|Any CPU.Deploy.0 = Debug|Any CPU
		{BAB003B8-4C83-4D10-8D39-1F47E6FC6E70}.Release|Any CPU.ActiveCfg = Release|Any CPU
		{BAB003B8-4C83-4D10-8D39-1F47E6FC6E70}.Release|Any CPU.Build.0 = Release|Any CPU
	EndGlobalSection
	GlobalSection(SolutionProperties) = preSolution
		HideSolutionNode = FALSE
	EndGlobalSection
	GlobalSection(ExtensibilityGlobals) = postSolution
		SolutionGuid = {480420E4-F69F-4BDC-A3D6-0012B9C063C8}
	EndGlobalSection
EndGlobal
